PODS:
  - A0PreMainTime (0.2.0):
    - A0PreMainTime/A0PreMainTime (= 0.2.0)
    - A0PreMainTime/TimeMonitor (= 0.2.0)
  - A0PreMainTime/A0PreMainTime (0.2.0)
  - A0PreMainTime/TimeMonitor (0.2.0)

DEPENDENCIES:
  - A0PreMainTime (from `../`)

EXTERNAL SOURCES:
  A0PreMainTime:
    :path: "../"

SPEC CHECKSUMS:
  A0PreMainTime: 4e6094d63b7dc6a3b28bed55b1d15594b3ec5690

PODFILE CHECKSUM: 47e398d7b3e168135169f01e814574f5708fee06

COCOAPODS: 1.5.3
